{
    "_readme": [
        "This file locks the dependencies of your project to a known state",
        "Read more about it at http://getcomposer.org/doc/01-basic-usage.md#composer-lock-the-lock-file"
    ],
    "hash": "bbc731cc4fc45a05857ddfd271d42044",
    "packages": [
        {
            "name": "jyggen/curl",
            "version": "v2.0.0-RC1",
            "source": {
                "type": "git",
                "url": "https://github.com/jyggen/curl.git",
                "reference": "v2.0.0-RC1"
            },
            "dist": {
                "type": "zip",
                "url": "https://api.github.com/repos/jyggen/curl/zipball/v2.0.0-RC1",
                "reference": "v2.0.0-RC1",
                "shasum": ""
            },
            "require": {
                "ext-curl": "*",
                "php": ">=5.3.0",
                "symfony/http-foundation": "2.2.*"
            },
            "require-dev": {
                "mockery/mockery": "dev-master"
            },
            "type": "library",
            "autoload": {
                "psr-0": {
                    "jyggen\\Curl": "lib/"
                }
            },
            "notification-url": "https://packagist.org/downloads/",
            "license": [
                "MIT"
            ],
            "authors": [
                {
                    "name": "Jonas Stendahl",
                    "email": "jonas.stendahl@gmail.com"
                }
            ],
            "description": "A simple and lightweight cURL library with support for multiple requests in parallel.",
            "homepage": "http://docs.jyggen.com/curl",
            "keywords": [
                "Multi-thread",
                "bot",
                "curl",
                "http",
                "laravel",
                "parallel",
                "spider"
            ],
            "time": "2013-03-18 09:13:25"
        },
        {
            "name": "symfony/console",
            "version": "v2.2.1",
            "target-dir": "Symfony/Component/Console",
            "source": {
                "type": "git",
                "url": "https://github.com/symfony/Console.git",
                "reference": "v2.2.1"
            },
            "dist": {
                "type": "zip",
                "url": "https://api.github.com/repos/symfony/Console/zipball/v2.2.1",
                "reference": "v2.2.1",
                "shasum": ""
            },
            "require": {
                "php": ">=5.3.3"
            },
            "type": "library",
            "extra": {
                "branch-alias": {
                    "dev-master": "2.2-dev"
                }
            },
            "autoload": {
                "psr-0": {
                    "Symfony\\Component\\Console\\": ""
                }
            },
            "notification-url": "https://packagist.org/downloads/",
            "license": [
                "MIT"
            ],
            "authors": [
                {
                    "name": "Fabien Potencier",
                    "email": "fabien@symfony.com"
                },
                {
                    "name": "Symfony Community",
                    "homepage": "http://symfony.com/contributors"
                }
            ],
            "description": "Symfony Console Component",
            "homepage": "http://symfony.com",
            "time": "2013-03-19 20:48:08"
        },
        {
            "name": "symfony/http-foundation",
            "version": "v2.2.1",
            "target-dir": "Symfony/Component/HttpFoundation",
            "source": {
                "type": "git",
                "url": "https://github.com/symfony/HttpFoundation.git",
                "reference": "v2.2.1"
            },
            "dist": {
                "type": "zip",
                "url": "https://api.github.com/repos/symfony/HttpFoundation/zipball/v2.2.1",
                "reference": "v2.2.1",
                "shasum": ""
            },
            "require": {
                "php": ">=5.3.3"
            },
            "type": "library",
            "extra": {
                "branch-alias": {
                    "dev-master": "2.2-dev"
                }
            },
            "autoload": {
                "psr-0": {
                    "Symfony\\Component\\HttpFoundation\\": ""
                },
                "classmap": [
                    "Symfony/Component/HttpFoundation/Resources/stubs"
                ]
            },
            "notification-url": "https://packagist.org/downloads/",
            "license": [
                "MIT"
            ],
            "authors": [
                {
                    "name": "Fabien Potencier",
                    "email": "fabien@symfony.com"
                },
                {
                    "name": "Symfony Community",
                    "homepage": "http://symfony.com/contributors"
                }
            ],
            "description": "Symfony HttpFoundation Component",
            "homepage": "http://symfony.com",
            "time": "2013-04-06 10:15:43"
        }
    ],
    "packages-dev": [

    ],
    "aliases": [

    ],
    "minimum-stability": "stable",
    "stability-flags": {
        "jyggen/curl": 5
    },
    "platform": {
        "php": ">=5.3.0"
    },
    "platform-dev": [

    ]
}
